// !$*UTF8*$!
{
	archiveVersion = 1;
	classes = {
	};
	objectVersion = 46;
	objects = {

/* Begin PBXBuildFile section */
		02D466F2430EBA44E0C4F6D5 /* Pods_WS_MVVM_RAC.framework in Frameworks */ = {isa = PBXBuildFile; fileRef = BB323C88A29FFFC30B9AB8A7 /* Pods_WS_MVVM_RAC.framework */; };
		5413EFAC1E08C9A1004EB012 /* main.m in Sources */ = {isa = PBXBuildFile; fileRef = 5413EFAB1E08C9A1004EB012 /* main.m */; };
		5413EFAF1E08C9A1004EB012 /* AppDelegate.m in Sources */ = {isa = PBXBuildFile; fileRef = 5413EFAE1E08C9A1004EB012 /* AppDelegate.m */; };
		5413EFB21E08C9A1004EB012 /* ViewController.m in Sources */ = {isa = PBXBuildFile; fileRef = 5413EFB11E08C9A1004EB012 /* ViewController.m */; };
		5413EFB51E08C9A1004EB012 /* Main.storyboard in Resources */ = {isa = PBXBuildFile; fileRef = 5413EFB31E08C9A1004EB012 /* Main.storyboard */; };
		5413EFB71E08C9A1004EB012 /* Assets.xcassets in Resources */ = {isa = PBXBuildFile; fileRef = 5413EFB61E08C9A1004EB012 /* Assets.xcassets */; };
		5413EFBA1E08C9A1004EB012 /* LaunchScreen.storyboard in Resources */ = {isa = PBXBuildFile; fileRef = 5413EFB81E08C9A1004EB012 /* LaunchScreen.storyboard */; };
		5413EFDB1E091CA9004EB012 /* MVVMTableViewCell.m in Sources */ = {isa = PBXBuildFile; fileRef = 5413EFD61E091CA9004EB012 /* MVVMTableViewCell.m */; };
		5413EFDC1E091CA9004EB012 /* MVVMModel.m in Sources */ = {isa = PBXBuildFile; fileRef = 5413EFD81E091CA9004EB012 /* MVVMModel.m */; };
		5413EFDD1E091CA9004EB012 /* MVVMViewModel.m in Sources */ = {isa = PBXBuildFile; fileRef = 5413EFDA1E091CA9004EB012 /* MVVMViewModel.m */; };
/* End PBXBuildFile section */

/* Begin PBXFileReference section */
		52B883E3DC08A4FD619695F6 /* Pods-WS_MVVM_RAC.debug.xcconfig */ = {isa = PBXFileReference; includeInIndex = 1; lastKnownFileType = text.xcconfig; name = "Pods-WS_MVVM_RAC.debug.xcconfig"; path = "Pods/Target Support Files/Pods-WS_MVVM_RAC/Pods-WS_MVVM_RAC.debug.xcconfig"; sourceTree = "<group>"; };
		5413EFA71E08C9A1004EB012 /* WS_MVVM_RAC.app */ = {isa = PBXFileReference; explicitFileType = wrapper.application; includeInIndex = 0; path = WS_MVVM_RAC.app; sourceTree = BUILT_PRODUCTS_DIR; };
		5413EFAB1E08C9A1004EB012 /* main.m */ = {isa = PBXFileReference; lastKnownFileType = sourcecode.c.objc; path = main.m; sourceTree = "<group>"; };
		5413EFAD1E08C9A1004EB012 /* AppDelegate.h */ = {isa = PBXFileReference; lastKnownFileType = sourcecode.c.h; path = AppDelegate.h; sourceTree = "<group>"; };
		5413EFAE1E08C9A1004EB012 /* AppDelegate.m */ = {isa = PBXFileReference; lastKnownFileType = sourcecode.c.objc; path = AppDelegate.m; sourceTree = "<group>"; };
		5413EFB01E08C9A1004EB012 /* ViewController.h */ = {isa = PBXFileReference; lastKnownFileType = sourcecode.c.h; path = ViewController.h; sourceTree = "<group>"; };
		5413EFB11E08C9A1004EB012 /* ViewController.m */ = {isa = PBXFileReference; lastKnownFileType = sourcecode.c.objc; path = ViewController.m; sourceTree = "<group>"; };
		5413EFB41E08C9A1004EB012 /* Base */ = {isa = PBXFileReference; lastKnownFileType = file.storyboard; name = Base; path = Base.lproj/Main.storyboard; sourceTree = "<group>"; };
		5413EFB61E08C9A1004EB012 /* Assets.xcassets */ = {isa = PBXFileReference; lastKnownFileType = folder.assetcatalog; path = Assets.xcassets; sourceTree = "<group>"; };
		5413EFB91E08C9A1004EB012 /* Base */ = {isa = PBXFileReference; lastKnownFileType = file.storyboard; name = Base; path = Base.lproj/LaunchScreen.storyboard; sourceTree = "<group>"; };
		5413EFBB1E08C9A1004EB012 /* Info.plist */ = {isa = PBXFileReference; lastKnownFileType = text.plist.xml; path = Info.plist; sourceTree = "<group>"; };
		5413EFD51E091CA9004EB012 /* MVVMTableViewCell.h */ = {isa = PBXFileReference; fileEncoding = 4; lastKnownFileType = sourcecode.c.h; path = MVVMTableViewCell.h; sourceTree = "<group>"; };
		5413EFD61E091CA9004EB012 /* MVVMTableViewCell.m */ = {isa = PBXFileReference; fileEncoding = 4; lastKnownFileType = sourcecode.c.objc; path = MVVMTableViewCell.m; sourceTree = "<group>"; };
		5413EFD71E091CA9004EB012 /* MVVMModel.h */ = {isa = PBXFileReference; fileEncoding = 4; lastKnownFileType = sourcecode.c.h; path = MVVMModel.h; sourceTree = "<group>"; };
		5413EFD81E091CA9004EB012 /* MVVMModel.m */ = {isa = PBXFileReference; fileEncoding = 4; lastKnownFileType = sourcecode.c.objc; path = MVVMModel.m; sourceTree = "<group>"; };
		5413EFD91E091CA9004EB012 /* MVVMViewModel.h */ = {isa = PBXFileReference; fileEncoding = 4; lastKnownFileType = sourcecode.c.h; path = MVVMViewModel.h; sourceTree = "<group>"; };
		5413EFDA1E091CA9004EB012 /* MVVMViewModel.m */ = {isa = PBXFileReference; fileEncoding = 4; lastKnownFileType = sourcecode.c.objc; path = MVVMViewModel.m; sourceTree = "<group>"; };
		5413EFDE1E091CB2004EB012 /* MVVM.pch */ = {isa = PBXFileReference; fileEncoding = 4; lastKnownFileType = sourcecode.c.h; path = MVVM.pch; sourceTree = "<group>"; };
		671661226F10F61519C42DA4 /* Pods-WS_MVVM_RAC.release.xcconfig */ = {isa = PBXFileReference; includeInIndex = 1; lastKnownFileType = text.xcconfig; name = "Pods-WS_MVVM_RAC.release.xcconfig"; path = "Pods/Target Support Files/Pods-WS_MVVM_RAC/Pods-WS_MVVM_RAC.release.xcconfig"; sourceTree = "<group>"; };
		BB323C88A29FFFC30B9AB8A7 /* Pods_WS_MVVM_RAC.framework */ = {isa = PBXFileReference; explicitFileType = wrapper.framework; includeInIndex = 0; path = Pods_WS_MVVM_RAC.framework; sourceTree = BUILT_PRODUCTS_DIR; };
/* End PBXFileReference section */

/* Begin PBXFrameworksBuildPhase section */
		5413EFA41E08C9A1004EB012 /* Frameworks */ = {
			isa = PBXFrameworksBuildPhase;
			buildActionMask = 2147483647;
			files = (
				02D466F2430EBA44E0C4F6D5 /* Pods_WS_MVVM_RAC.framework in Frameworks */,
			);
			runOnlyForDeploymentPostprocessing = 0;
		};
/* End PBXFrameworksBuildPhase section */

/* Begin PBXGroup section */
		321D4923BC4B5D2093E5292F /* Frameworks */ = {
			isa = PBXGroup;
			children = (
				BB323C88A29FFFC30B9AB8A7 /* Pods_WS_MVVM_RAC.framework */,
			);
			name = Frameworks;
			sourceTree = "<group>";
		};
		5413EF9E1E08C9A1004EB012 = {
			isa = PBXGroup;
			children = (
				5413EFA91E08C9A1004EB012 /* WS_MVVM_RAC */,
				5413EFA81E08C9A1004EB012 /* Products */,
				EC94F22DCE373CC608DFB668 /* Pods */,
				321D4923BC4B5D2093E5292F /* Frameworks */,
			);
			sourceTree = "<group>";
		};
		5413EFA81E08C9A1004EB012 /* Products */ = {
			isa = PBXGroup;
			children = (
				5413EFA71E08C9A1004EB012 /* WS_MVVM_RAC.app */,
			);
			name = Products;
			sourceTree = "<group>";
		};
		5413EFA91E08C9A1004EB012 /* WS_MVVM_RAC */ = {
			isa = PBXGroup;
			children = (
				5413EFAD1E08C9A1004EB012 /* AppDelegate.h */,
				5413EFAE1E08C9A1004EB012 /* AppDelegate.m */,
				5413EFB01E08C9A1004EB012 /* ViewController.h */,
				5413EFB11E08C9A1004EB012 /* ViewController.m */,
				5413EFD51E091CA9004EB012 /* MVVMTableViewCell.h */,
				5413EFD61E091CA9004EB012 /* MVVMTableViewCell.m */,
				5413EFD71E091CA9004EB012 /* MVVMModel.h */,
				5413EFD81E091CA9004EB012 /* MVVMModel.m */,
				5413EFD91E091CA9004EB012 /* MVVMViewModel.h */,
				5413EFDA1E091CA9004EB012 /* MVVMViewModel.m */,
				5413EFDE1E091CB2004EB012 /* MVVM.pch */,
				5413EFB31E08C9A1004EB012 /* Main.storyboard */,
				5413EFB61E08C9A1004EB012 /* Assets.xcassets */,
				5413EFB81E08C9A1004EB012 /* LaunchScreen.storyboard */,
				5413EFBB1E08C9A1004EB012 /* Info.plist */,
				5413EFAA1E08C9A1004EB012 /* Supporting Files */,
			);
			path = WS_MVVM_RAC;
			sourceTree = "<group>";
		};
		5413EFAA1E08C9A1004EB012 /* Supporting Files */ = {
			isa = PBXGroup;
			children = (
				5413EFAB1E08C9A1004EB012 /* main.m */,
			);
			name = "Supporting Files";
			sourceTree = "<group>";
		};
		EC94F22DCE373CC608DFB668 /* Pods */ = {
			isa = PBXGroup;
			children = (
				52B883E3DC08A4FD619695F6 /* Pods-WS_MVVM_RAC.debug.xcconfig */,
				671661226F10F61519C42DA4 /* Pods-WS_MVVM_RAC.release.xcconfig */,
			);
			name = Pods;
			sourceTree = "<group>";
		};
/* End PBXGroup section */

/* Begin PBXNativeTarget section */
		5413EFA61E08C9A1004EB012 /* WS_MVVM_RAC */ = {
			isa = PBXNativeTarget;
			buildConfigurationList = 5413EFBE1E08C9A1004EB012 /* Build configuration list for PBXNativeTarget "WS_MVVM_RAC" */;
			buildPhases = (
				939C3861E5FBD2EAB51A3458 /* 📦 Check Pods Manifest.lock */,
				5413EFA31E08C9A1004EB012 /* Sources */,
				5413EFA41E08C9A1004EB012 /* Frameworks */,
				5413EFA51E08C9A1004EB012 /* Resources */,
				C733F936532AC70789364777 /* 📦 Embed Pods Frameworks */,
				7988316BAB1EE80DA2B1FDB8 /* 📦 Copy Pods Resources */,
			);
			buildRules = (
			);
			dependencies = (
			);
			name = WS_MVVM_RAC;
			productName = WS_MVVM_RAC;
			productReference = 5413EFA71E08C9A1004EB012 /* WS_MVVM_RAC.app */;
			productType = "com.apple.product-type.application";
		};
/* End PBXNativeTarget section */

/* Begin PBXProject section */
		5413EF9F1E08C9A1004EB012 /* Project object */ = {
			isa = PBXProject;
			attributes = {
				LastUpgradeCheck = 0810;
				ORGANIZATIONNAME = "王松";
				TargetAttributes = {
					5413EFA61E08C9A1004EB012 = {
						CreatedOnToolsVersion = 8.1;
						DevelopmentTeam = 24R84H29YZ;
						ProvisioningStyle = Automatic;
					};
				};
			};
			buildConfigurationList = 5413EFA21E08C9A1004EB012 /* Build configuration list for PBXProject "WS_MVVM_RAC" */;
			compatibilityVersion = "Xcode 3.2";
			developmentRegion = English;
			hasScannedForEncodings = 0;
			knownRegions = (
				en,
				Base,
			);
			mainGroup = 5413EF9E1E08C9A1004EB012;
			productRefGroup = 5413EFA81E08C9A1004EB012 /* Products */;
			projectDirPath = "";
			projectRoot = "";
			targets = (
				5413EFA61E08C9A1004EB012 /* WS_MVVM_RAC */,
			);
		};
/* End PBXProject section */

/* Begin PBXResourcesBuildPhase section */
		5413EFA51E08C9A1004EB012 /* Resources */ = {
			isa = PBXResourcesBuildPhase;
			buildActionMask = 2147483647;
			files = (
				5413EFBA1E08C9A1004EB012 /* LaunchScreen.storyboard in Resources */,
				5413EFB71E08C9A1004EB012 /* Assets.xcassets in Resources */,
				5413EFB51E08C9A1004EB012 /* Main.storyboard in Resources */,
			);
			runOnlyForDeploymentPostprocessing = 0;
		};
/* End PBXResourcesBuildPhase section */

/* Begin PBXShellScriptBuildPhase section */
		7988316BAB1EE80DA2B1FDB8 /* 📦 Copy Pods Resources */ = {
			isa = PBXShellScriptBuildPhase;
			buildActionMask = 2147483647;
			files = (
			);
			inputPaths = (
			);
			name = "📦 Copy Pods Resources";
			outputPaths = (
			);
			runOnlyForDeploymentPostprocessing = 0;
			shellPath = /bin/sh;
			shellScript = "\"${SRCROOT}/Pods/Target Support Files/Pods-WS_MVVM_RAC/Pods-WS_MVVM_RAC-resources.sh\"\n";
			showEnvVarsInLog = 0;
		};
		939C3861E5FBD2EAB51A3458 /* 📦 Check Pods Manifest.lock */ = {
			isa = PBXShellScriptBuildPhase;
			buildActionMask = 2147483647;
			files = (
			);
			inputPaths = (
			);
			name = "📦 Check Pods Manifest.lock";
			outputPaths = (
			);
			runOnlyForDeploymentPostprocessing = 0;
			shellPath = /bin/sh;
			shellScript = "diff \"${PODS_ROOT}/../Podfile.lock\" \"${PODS_ROOT}/Manifest.lock\" > /dev/null\nif [[ $? != 0 ]] ; then\n    cat << EOM\nerror: The sandbox is not in sync with the Podfile.lock. Run 'pod install' or update your CocoaPods installation.\nEOM\n    exit 1\nfi\n";
			showEnvVarsInLog = 0;
		};
		C733F936532AC70789364777 /* 📦 Embed Pods Frameworks */ = {
			isa = PBXShellScriptBuildPhase;
			buildActionMask = 2147483647;
			files = (
			);
			inputPaths = (
			);
			name = "📦 Embed Pods Frameworks";
			outputPaths = (
			);
			runOnlyForDeploymentPostprocessing = 0;
			shellPath = /bin/sh;
			shellScript = "\"${SRCROOT}/Pods/Target Support Files/Pods-WS_MVVM_RAC/Pods-WS_MVVM_RAC-frameworks.sh\"\n";
			showEnvVarsInLog = 0;
		};
/* End PBXShellScriptBuildPhase section */

/* Begin PBXSourcesBuildPhase section */
		5413EFA31E08C9A1004EB012 /* Sources */ = {
			isa = PBXSourcesBuildPhase;
			buildActionMask = 2147483647;
			files = (
				5413EFB21E08C9A1004EB012 /* ViewController.m in Sources */,
				5413EFAF1E08C9A1004EB012 /* AppDelegate.m in Sources */,
				5413EFDD1E091CA9004EB012 /* MVVMViewModel.m in Sources */,
				5413EFAC1E08C9A1004EB012 /* main.m in Sources */,
				5413EFDC1E091CA9004EB012 /* MVVMModel.m in Sources */,
				5413EFDB1E091CA9004EB012 /* MVVMTableViewCell.m in Sources */,
			);
			runOnlyForDeploymentPostprocessing = 0;
		};
/* End PBXSourcesBuildPhase section */

/* Begin PBXVariantGroup section */
		5413EFB31E08C9A1004EB012 /* Main.storyboard */ = {
			isa = PBXVariantGroup;
			children = (
				5413EFB41E08C9A1004EB012 /* Base */,
			);
			name = Main.storyboard;
			sourceTree = "<group>";
		};
		5413EFB81E08C9A1004EB012 /* LaunchScreen.storyboard */ = {
			isa = PBXVariantGroup;
			children = (
				5413EFB91E08C9A1004EB012 /* Base */,
			);
			name = LaunchScreen.storyboard;
			sourceTree = "<group>";
		};
/* End PBXVariantGroup section */

/* Begin XCBuildConfiguration section */
		5413EFBC1E08C9A1004EB012 /* Debug */ = {
			isa = XCBuildConfiguration;
			buildSettings = {
				ALWAYS_SEARCH_USER_PATHS = NO;
				CLANG_ANALYZER_NONNULL = YES;
				CLANG_CXX_LANGUAGE_STANDARD = "gnu++0x";
				CLANG_CXX_LIBRARY = "libc++";
				CLANG_ENABLE_MODULES = YES;
				CLANG_ENABLE_OBJC_ARC = YES;
				CLANG_WARN_BOOL_CONVERSION = YES;
				CLANG_WARN_CONSTANT_CONVERSION = YES;
				CLANG_WARN_DIRECT_OBJC_ISA_USAGE = YES_ERROR;
				CLANG_WARN_DOCUMENTATION_COMMENTS = YES;
				CLANG_WARN_EMPTY_BODY = YES;
				CLANG_WARN_ENUM_CONVERSION = YES;
				CLANG_WARN_INFINITE_RECURSION = YES;
				CLANG_WARN_INT_CONVERSION = YES;
				CLANG_WARN_OBJC_ROOT_CLASS = YES_ERROR;
				CLANG_WARN_SUSPICIOUS_MOVES = YES;
				CLANG_WARN_UNREACHABLE_CODE = YES;
				CLANG_WARN__DUPLICATE_METHOD_MATCH = YES;
				"CODE_SIGN_IDENTITY[sdk=iphoneos*]" = "iPhone Developer";
				COPY_PHASE_STRIP = NO;
				DEBUG_INFORMATION_FORMAT = dwarf;
				ENABLE_STRICT_OBJC_MSGSEND = YES;
				ENABLE_TESTABILITY = YES;
				GCC_C_LANGUAGE_STANDARD = gnu99;
				GCC_DYNAMIC_NO_PIC = NO;
				GCC_NO_COMMON_BLOCKS = YES;
				GCC_OPTIMIZATION_LEVEL = 0;
				GCC_PREPROCESSOR_DEFINITIONS = (
					"DEBUG=1",
					"$(inherited)",
				);
				GCC_WARN_64_TO_32_BIT_CONVERSION = YES;
				GCC_WARN_ABOUT_RETURN_TYPE = YES_ERROR;
				GCC_WARN_UNDECLARED_SELECTOR = YES;
				GCC_WARN_UNINITIALIZED_AUTOS = YES_AGGRESSIVE;
				GCC_WARN_UNUSED_FUNCTION = YES;
				GCC_WARN_UNUSED_VARIABLE = YES;
				IPHONEOS_DEPLOYMENT_TARGET = 10.1;
				MTL_ENABLE_DEBUG_INFO = YES;
				ONLY_ACTIVE_ARCH = YES;
				SDKROOT = iphoneos;
				TARGETED_DEVICE_FAMILY = "1,2";
			};
			name = Debug;
		};
		5413EFBD1E08C9A1004EB012 /* Release */ = {
			isa = XCBuildConfiguration;
			buildSettings = {
				ALWAYS_SEARCH_USER_PATHS = NO;
				CLANG_ANALYZER_NONNULL = YES;
				CLANG_CXX_LANGUAGE_STANDARD = "gnu++0x";
				CLANG_CXX_LIBRARY = "libc++";
				CLANG_ENABLE_MODULES = YES;
				CLANG_ENABLE_OBJC_ARC = YES;
				CLANG_WARN_BOOL_CONVERSION = YES;
				CLANG_WARN_CONSTANT_CONVERSION = YES;
				CLANG_WARN_DIRECT_OBJC_ISA_USAGE = YES_ERROR;
				CLANG_WARN_DOCUMENTATION_COMMENTS = YES;
				CLANG_WARN_EMPTY_BODY = YES;
				CLANG_WARN_ENUM_CONVERSION = YES;
				CLANG_WARN_INFINITE_RECURSION = YES;
				CLANG_WARN_INT_CONVERSION = YES;
				CLANG_WARN_OBJC_ROOT_CLASS = YES_ERROR;
				CLANG_WARN_SUSPICIOUS_MOVES = YES;
				CLANG_WARN_UNREACHABLE_CODE = YES;
				CLANG_WARN__DUPLICATE_METHOD_MATCH = YES;
				"CODE_SIGN_IDENTITY[sdk=iphoneos*]" = "iPhone Developer";
				COPY_PHASE_STRIP = NO;
				DEBUG_INFORMATION_FORMAT = "dwarf-with-dsym";
				ENABLE_NS_ASSERTIONS = NO;
				ENABLE_STRICT_OBJC_MSGSEND = YES;
				GCC_C_LANGUAGE_STANDARD = gnu99;
				GCC_NO_COMMON_BLOCKS = YES;
				GCC_WARN_64_TO_32_BIT_CONVERSION = YES;
				GCC_WARN_ABOUT_RETURN_TYPE = YES_ERROR;
				GCC_WARN_UNDECLARED_SELECTOR = YES;
				GCC_WARN_UNINITIALIZED_AUTOS = YES_AGGRESSIVE;
				GCC_WARN_UNUSED_FUNCTION = YES;
				GCC_WARN_UNUSED_VARIABLE = YES;
				IPHONEOS_DEPLOYMENT_TARGET = 10.1;
				MTL_ENABLE_DEBUG_INFO = NO;
				SDKROOT = iphoneos;
				TARGETED_DEVICE_FAMILY = "1,2";
				VALIDATE_PRODUCT = YES;
			};
			name = Release;
		};
		5413EFBF1E08C9A1004EB012 /* Debug */ = {
			isa = XCBuildConfiguration;
			baseConfigurationReference = 52B883E3DC08A4FD619695F6 /* Pods-WS_MVVM_RAC.debug.xcconfig */;
			buildSettings = {
				ASSETCATALOG_COMPILER_APPICON_NAME = AppIcon;
				DEVELOPMENT_TEAM = 24R84H29YZ;
				GCC_PRECOMPILE_PREFIX_HEADER = YES;
				GCC_PREFIX_HEADER = "$(SRCROOT)/WS_MVVM_RAC/MVVM.pch";
				INFOPLIST_FILE = WS_MVVM_RAC/Info.plist;
				LD_RUNPATH_SEARCH_PATHS = "$(inherited) @executable_path/Frameworks";
				PRODUCT_BUNDLE_IDENTIFIER = "--.WS-MVVM-RAC";
				PRODUCT_NAME = "$(TARGET_NAME)";
			};
			name = Debug;
		};
		5413EFC01E08C9A1004EB012 /* Release */ = {
			isa = XCBuildConfiguration;
			baseConfigurationReference = 671661226F10F61519C42DA4 /* Pods-WS_MVVM_RAC.release.xcconfig */;
			buildSettings = {
				ASSETCATALOG_COMPILER_APPICON_NAME = AppIcon;
				DEVELOPMENT_TEAM = 24R84H29YZ;
				GCC_PRECOMPILE_PREFIX_HEADER = YES;
				GCC_PREFIX_HEADER = "$(SRCROOT)/WS_MVVM_RAC/MVVM.pch";
				INFOPLIST_FILE = WS_MVVM_RAC/Info.plist;
				LD_RUNPATH_SEARCH_PATHS = "$(inherited) @executable_path/Frameworks";
				PRODUCT_BUNDLE_IDENTIFIER = "--.WS-MVVM-RAC";
				PRODUCT_NAME = "$(TARGET_NAME)";
			};
			name = Release;
		};
/* End XCBuildConfiguration section */

/* Begin XCConfigurationList section */
		5413EFA21E08C9A1004EB012 /* Build configuration list for PBXProject "WS_MVVM_RAC" */ = {
			isa = XCConfigurationList;
			buildConfigurations = (
				5413EFBC1E08C9A1004EB012 /* Debug */,
				5413EFBD1E08C9A1004EB012 /* Release */,
			);
			defaultConfigurationIsVisible = 0;
			defaultConfigurationName = Release;
		};
		5413EFBE1E08C9A1004EB012 /* Build configuration list for PBXNativeTarget "WS_MVVM_RAC" */ = {
			isa = XCConfigurationList;
			buildConfigurations = (
				5413EFBF1E08C9A1004EB012 /* Debug */,
				5413EFC01E08C9A1004EB012 /* Release */,
			);
			defaultConfigurationIsVisible = 0;
			defaultConfigurationName = Release;
		};
/* End XCConfigurationList section */
	};
	rootObject = 5413EF9F1E08C9A1004EB012 /* Project object */;
}
